
Microsoft Visual Studio Solution File, Format Version 12.00
# Visual Studio Version 17
VisualStudioVersion = 17.2.32516.85
MinimumVisualStudioVersion = 10.0.40219.1
Project("{FAE04EC0-301F-11D3-BF4B-00C04F79EFBC}") = "Sistema de estacionamiento", "Sistema de estacionamiento\Sistema de estacionamiento.csproj", "{FEDB52FF-B533-47EA-A232-6BA39E21FE89}"
EndProject
Global
	GlobalSection(SolutionConfigurationPlatforms) = preSolution
		Debug|Any CPU = Debug|Any CPU
		Release|Any CPU = Release|Any CPU
	EndGlobalSection
	GlobalSection(ProjectConfigurationPlatforms) = postSolution
		{FEDB52FF-B533-47EA-A232-6BA39E21FE89}.Debug|Any CPU.ActiveCfg = Debug|Any CPU
		{FEDB52FF-B533-47EA-A232-6BA39E21FE89}.Debug|Any CPU.Build.0 = Debug|Any CPU
		{FEDB52FF-B533-47EA-A232-6BA39E21FE89}.Release|Any CPU.ActiveCfg = Release|Any CPU
		{FEDB52FF-B533-47EA-A232-6BA39E21FE89}.Release|Any CPU.Build.0 = Release|Any CPU
	EndGlobalSection
	GlobalSection(SolutionProperties) = preSolution
		HideSolutionNode = FALSE
	EndGlobalSection
	GlobalSection(ExtensibilityGlobals) = postSolution
		SolutionGuid = {52E5381F-94E5-46C6-B5A8-D2D4E4556896}
	EndGlobalSection
EndGlobal
